
Microsoft Visual Studio Solution File, Format Version 12.00
# Visual Studio 14
VisualStudioVersion = 14.0.25420.1
MinimumVisualStudioVersion = 10.0.40219.1
Project("{8BC9CEB8-8B4A-11D0-8D11-00A0C91BC942}") = "ThreadPool", "ThreadPool\ThreadPool.vcxproj", "{21639DEE-812D-4AD3-A23C-799F89C48B56}"
	ProjectSection(ProjectDependencies) = postProject
		{3C2A7CFF-EF73-4298-B43B-B0FE592B94CD} = {3C2A7CFF-EF73-4298-B43B-B0FE592B94CD}
	EndProjectSection
EndProject
Project("{8BC9CEB8-8B4A-11D0-8D11-00A0C91BC942}") = "nanovg", "nanovg\nanovg.vcxproj", "{3C2A7CFF-EF73-4298-B43B-B0FE592B94CD}"
EndProject
Global
	GlobalSection(SolutionConfigurationPlatforms) = preSolution
		Debug|x64 = Debug|x64
		Debug|x86 = Debug|x86
		Release|x64 = Release|x64
		Release|x86 = Release|x86
	EndGlobalSection
	GlobalSection(ProjectConfigurationPlatforms) = postSolution
		{21639DEE-812D-4AD3-A23C-799F89C48B56}.Debug|x64.ActiveCfg = Debug|x64
		{21639DEE-812D-4AD3-A23C-799F89C48B56}.Debug|x64.Build.0 = Debug|x64
		{21639DEE-812D-4AD3-A23C-799F89C48B56}.Debug|x86.ActiveCfg = Debug|Win32
		{21639DEE-812D-4AD3-A23C-799F89C48B56}.Debug|x86.Build.0 = Debug|Win32
		{21639DEE-812D-4AD3-A23C-799F89C48B56}.Release|x64.ActiveCfg = Release|x64
		{21639DEE-812D-4AD3-A23C-799F89C48B56}.Release|x64.Build.0 = Release|x64
		{21639DEE-812D-4AD3-A23C-799F89C48B56}.Release|x86.ActiveCfg = Release|Win32
		{21639DEE-812D-4AD3-A23C-799F89C48B56}.Release|x86.Build.0 = Release|Win32
		{3C2A7CFF-EF73-4298-B43B-B0FE592B94CD}.Debug|x64.ActiveCfg = Debug|x64
		{3C2A7CFF-EF73-4298-B43B-B0FE592B94CD}.Debug|x64.Build.0 = Debug|x64
		{3C2A7CFF-EF73-4298-B43B-B0FE592B94CD}.Debug|x86.ActiveCfg = Debug|Win32
		{3C2A7CFF-EF73-4298-B43B-B0FE592B94CD}.Debug|x86.Build.0 = Debug|Win32
		{3C2A7CFF-EF73-4298-B43B-B0FE592B94CD}.Release|x64.ActiveCfg = Release|x64
		{3C2A7CFF-EF73-4298-B43B-B0FE592B94CD}.Release|x64.Build.0 = Release|x64
		{3C2A7CFF-EF73-4298-B43B-B0FE592B94CD}.Release|x86.ActiveCfg = Release|Win32
		{3C2A7CFF-EF73-4298-B43B-B0FE592B94CD}.Release|x86.Build.0 = Release|Win32
	EndGlobalSection
	GlobalSection(SolutionProperties) = preSolution
		HideSolutionNode = FALSE
	EndGlobalSection
EndGlobal
